
Microsoft Visual Studio Solution File, Format Version 12.00
# Visual Studio Version 17
VisualStudioVersion = 17.5.33627.172
MinimumVisualStudioVersion = 10.0.40219.1
Project("{888888A0-9F3D-457C-B088-3A5042F75D52}") = "finance_calculators", "finance_calculators.pyproj", "{E9555557-5618-424D-A9A2-04AFEF7BBF0A}"
EndProject
Global
	GlobalSection(SolutionConfigurationPlatforms) = preSolution
		Debug|Any CPU = Debug|Any CPU
		Release|Any CPU = Release|Any CPU
	EndGlobalSection
	GlobalSection(ProjectConfigurationPlatforms) = postSolution
		{E9555557-5618-424D-A9A2-04AFEF7BBF0A}.Debug|Any CPU.ActiveCfg = Debug|Any CPU
		{E9555557-5618-424D-A9A2-04AFEF7BBF0A}.Release|Any CPU.ActiveCfg = Release|Any CPU
	EndGlobalSection
	GlobalSection(SolutionProperties) = preSolution
		HideSolutionNode = FALSE
	EndGlobalSection
	GlobalSection(ExtensibilityGlobals) = postSolution
		SolutionGuid = {868B9F67-9950-4A41-9F1B-33709B280D0F}
	EndGlobalSection
EndGlobal
